
Microsoft Visual Studio Solution File, Format Version 12.00
# Visual Studio 15
VisualStudioVersion = 15.0.27130.2024
MinimumVisualStudioVersion = 10.0.40219.1
Project("{FAE04EC0-301F-11D3-BF4B-00C04F79EFBC}") = "XamlColorSchemeGenerator", "src\XamlColorSchemeGenerator.csproj", "{9572E64E-0B2F-407B-AC14-141941CB7D6E}"
EndProject
Project("{2150E333-8FDC-42A3-9474-1A3956D46DE8}") = "Solution Items", "Solution Items", "{246A4888-9B8A-4EED-88A9-1162D7C9AF7D}"
	ProjectSection(SolutionItems) = preProject
		appveyor.yml = appveyor.yml
		Build.ps1 = Build.ps1
		pack.ps1 = pack.ps1
		paket.dependencies = paket.dependencies
		paket.lock = paket.lock
		paket.references = paket.references
		README.md = README.md
		XamlColorSchemeGenerator.msbuild = XamlColorSchemeGenerator.msbuild
		XamlColorSchemeGenerator.nuspec = XamlColorSchemeGenerator.nuspec
	EndProjectSection
EndProject
Global
	GlobalSection(SolutionConfigurationPlatforms) = preSolution
		Debug|Any CPU = Debug|Any CPU
		Release|Any CPU = Release|Any CPU
	EndGlobalSection
	GlobalSection(ProjectConfigurationPlatforms) = postSolution
		{9572E64E-0B2F-407B-AC14-141941CB7D6E}.Debug|Any CPU.ActiveCfg = Debug|Any CPU
		{9572E64E-0B2F-407B-AC14-141941CB7D6E}.Debug|Any CPU.Build.0 = Debug|Any CPU
		{9572E64E-0B2F-407B-AC14-141941CB7D6E}.Release|Any CPU.ActiveCfg = Release|Any CPU
		{9572E64E-0B2F-407B-AC14-141941CB7D6E}.Release|Any CPU.Build.0 = Release|Any CPU
	EndGlobalSection
	GlobalSection(SolutionProperties) = preSolution
		HideSolutionNode = FALSE
	EndGlobalSection
	GlobalSection(ExtensibilityGlobals) = postSolution
		SolutionGuid = {854C6F4F-4D88-4024-BEDC-34E4FCE36013}
	EndGlobalSection
EndGlobal
